# Ynventa protocol lock. Written by `ynventa protocol --lock`; checked by `ynventa conformance`.
protocol_version 1
schema_digest sha256:5851399c3ab518f41e491d7e64681be726ab3494bda94add4bef301568d40a95
engine_digest sha256:277a45b135e332be54671709ec70782f5c1382fab86518bc561f05ef6cd16d89
compatibility_epoch 1
