# Ynventa protocol lock. Written by `ynventa protocol --lock`; checked by `ynventa conformance`.
protocol_version 1
schema_digest sha256:c9ccfdcb405b7ab24c2f1a5390602cd3a7d5490381d2e6b244fcc5641900b3d1
engine_digest sha256:beb24b55759666bfc2342ab31a400a5f85250591aeaa76a3fe52dfdf1b4bea93
compatibility_epoch 1
